
Microsoft Visual Studio Solution File, Format Version 12.00
# Visual Studio Version 17
VisualStudioVersion = 17.7.34031.279
MinimumVisualStudioVersion = 10.0.40219.1
Project("{FAE04EC0-301F-11D3-BF4B-00C04F79EFBC}") = "ReflectionNewWay", "ReflectionNewWay.csproj", "{58B954AE-D5CB-4FCB-9CA0-8E3DCA159488}"
EndProject
Global
	GlobalSection(SolutionConfigurationPlatforms) = preSolution
		Debug|Any CPU = Debug|Any CPU
		Release|Any CPU = Release|Any CPU
	EndGlobalSection
	GlobalSection(ProjectConfigurationPlatforms) = postSolution
		{58B954AE-D5CB-4FCB-9CA0-8E3DCA159488}.Debug|Any CPU.ActiveCfg = Debug|Any CPU
		{58B954AE-D5CB-4FCB-9CA0-8E3DCA159488}.Debug|Any CPU.Build.0 = Debug|Any CPU
		{58B954AE-D5CB-4FCB-9CA0-8E3DCA159488}.Release|Any CPU.ActiveCfg = Release|Any CPU
		{58B954AE-D5CB-4FCB-9CA0-8E3DCA159488}.Release|Any CPU.Build.0 = Release|Any CPU
	EndGlobalSection
	GlobalSection(SolutionProperties) = preSolution
		HideSolutionNode = FALSE
	EndGlobalSection
	GlobalSection(ExtensibilityGlobals) = postSolution
		SolutionGuid = {A7C829A8-6C70-41BF-BDE8-D0457C406D5F}
	EndGlobalSection
EndGlobal
