
Microsoft Visual Studio Solution File, Format Version 12.00
# Visual Studio 15
VisualStudioVersion = 15.0.28307.136
MinimumVisualStudioVersion = 10.0.40219.1
Project("{FAE04EC0-301F-11D3-BF4B-00C04F79EFBC}") = "EFAsNoTracking", "EFAsNoTracking\EFAsNoTracking.csproj", "{C9FCE57E-25E5-42D0-958F-256F93C61B62}"
EndProject
Global
	GlobalSection(SolutionConfigurationPlatforms) = preSolution
		Debug|Any CPU = Debug|Any CPU
		Release|Any CPU = Release|Any CPU
	EndGlobalSection
	GlobalSection(ProjectConfigurationPlatforms) = postSolution
		{C9FCE57E-25E5-42D0-958F-256F93C61B62}.Debug|Any CPU.ActiveCfg = Debug|Any CPU
		{C9FCE57E-25E5-42D0-958F-256F93C61B62}.Debug|Any CPU.Build.0 = Debug|Any CPU
		{C9FCE57E-25E5-42D0-958F-256F93C61B62}.Release|Any CPU.ActiveCfg = Release|Any CPU
		{C9FCE57E-25E5-42D0-958F-256F93C61B62}.Release|Any CPU.Build.0 = Release|Any CPU
	EndGlobalSection
	GlobalSection(SolutionProperties) = preSolution
		HideSolutionNode = FALSE
	EndGlobalSection
	GlobalSection(ExtensibilityGlobals) = postSolution
		SolutionGuid = {12C86F99-3190-47AB-880F-7ABF2A099887}
	EndGlobalSection
EndGlobal
