
Microsoft Visual Studio Solution File, Format Version 12.00
# Visual Studio Version 16
VisualStudioVersion = 16.0.28407.52
MinimumVisualStudioVersion = 10.0.40219.1
Project("{FAE04EC0-301F-11D3-BF4B-00C04F79EFBC}") = "ExemploRange", "ExemploRange\ExemploRange.csproj", "{014DB05D-2F37-4582-8861-731A80252AD7}"
EndProject
Global
	GlobalSection(SolutionConfigurationPlatforms) = preSolution
		Debug|Any CPU = Debug|Any CPU
		Release|Any CPU = Release|Any CPU
	EndGlobalSection
	GlobalSection(ProjectConfigurationPlatforms) = postSolution
		{014DB05D-2F37-4582-8861-731A80252AD7}.Debug|Any CPU.ActiveCfg = Debug|Any CPU
		{014DB05D-2F37-4582-8861-731A80252AD7}.Debug|Any CPU.Build.0 = Debug|Any CPU
		{014DB05D-2F37-4582-8861-731A80252AD7}.Release|Any CPU.ActiveCfg = Release|Any CPU
		{014DB05D-2F37-4582-8861-731A80252AD7}.Release|Any CPU.Build.0 = Release|Any CPU
	EndGlobalSection
	GlobalSection(SolutionProperties) = preSolution
		HideSolutionNode = FALSE
	EndGlobalSection
	GlobalSection(ExtensibilityGlobals) = postSolution
		SolutionGuid = {B7E59B0D-3A44-4613-8387-3EF31E8BA4AA}
	EndGlobalSection
EndGlobal
