
Microsoft Visual Studio Solution File, Format Version 12.00
# Visual Studio Version 17
VisualStudioVersion = 17.12.35323.107
MinimumVisualStudioVersion = 10.0.40219.1
Project("{FAE04EC0-301F-11D3-BF4B-00C04F79EFBC}") = "APIChamada", "APIChamada.csproj", "{BDF6CF26-B233-44F0-90DF-2198A7667C49}"
EndProject
Project("{FAE04EC0-301F-11D3-BF4B-00C04F79EFBC}") = "APIResiliente", "..\APIResiliente\APIResiliente.csproj", "{0728B9A9-C440-4AFE-BEFE-C1AE7D89F248}"
EndProject
Global
	GlobalSection(SolutionConfigurationPlatforms) = preSolution
		Debug|Any CPU = Debug|Any CPU
		Release|Any CPU = Release|Any CPU
	EndGlobalSection
	GlobalSection(ProjectConfigurationPlatforms) = postSolution
		{BDF6CF26-B233-44F0-90DF-2198A7667C49}.Debug|Any CPU.ActiveCfg = Debug|Any CPU
		{BDF6CF26-B233-44F0-90DF-2198A7667C49}.Debug|Any CPU.Build.0 = Debug|Any CPU
		{BDF6CF26-B233-44F0-90DF-2198A7667C49}.Release|Any CPU.ActiveCfg = Release|Any CPU
		{BDF6CF26-B233-44F0-90DF-2198A7667C49}.Release|Any CPU.Build.0 = Release|Any CPU
		{0728B9A9-C440-4AFE-BEFE-C1AE7D89F248}.Debug|Any CPU.ActiveCfg = Debug|Any CPU
		{0728B9A9-C440-4AFE-BEFE-C1AE7D89F248}.Debug|Any CPU.Build.0 = Debug|Any CPU
		{0728B9A9-C440-4AFE-BEFE-C1AE7D89F248}.Release|Any CPU.ActiveCfg = Release|Any CPU
		{0728B9A9-C440-4AFE-BEFE-C1AE7D89F248}.Release|Any CPU.Build.0 = Release|Any CPU
	EndGlobalSection
	GlobalSection(SolutionProperties) = preSolution
		HideSolutionNode = FALSE
	EndGlobalSection
	GlobalSection(ExtensibilityGlobals) = postSolution
		SolutionGuid = {FD74FC10-C46B-4F65-ABB4-B40958E288E2}
	EndGlobalSection
EndGlobal
